
Microsoft Visual Studio Solution File, Format Version 12.00
# Visual Studio 2013
VisualStudioVersion = 12.0.31101.0
MinimumVisualStudioVersion = 10.0.40219.1
Project("{2150E333-8FDC-42A3-9474-1A3956D46DE8}") = "Web", "Web", "{8BEBB13F-EA05-4D08-ACC3-14096ACBC318}"
EndProject
Project("{2150E333-8FDC-42A3-9474-1A3956D46DE8}") = "Tests", "Tests", "{392FC9FE-3B14-4367-A931-84EDAE814D4B}"
EndProject
Project("{2150E333-8FDC-42A3-9474-1A3956D46DE8}") = "Common", "Common", "{28B24135-56A9-465F-BC8B-BE75FE8457AD}"
EndProject
Project("{2150E333-8FDC-42A3-9474-1A3956D46DE8}") = "Data", "Data", "{C430D4D0-EDE2-4E9B-99CC-8DAEC1A7CFA2}"
EndProject
Project("{2150E333-8FDC-42A3-9474-1A3956D46DE8}") = "ExternalLibraries", "ExternalLibraries", "{DE3EEC83-47A6-41F1-82B6-76F4121AF073}"
EndProject
Project("{FAE04EC0-301F-11D3-BF4B-00C04F79EFBC}") = "Twitter.Web", "Twitter.Web\Twitter.Web.csproj", "{D4E09D65-4AF7-4675-97BF-DD91365C25F4}"
EndProject
Project("{FAE04EC0-301F-11D3-BF4B-00C04F79EFBC}") = "Twitter.Data", "Twitter.Data\Twitter.Data.csproj", "{CFF46994-909F-411B-B406-C8D01AA57379}"
EndProject
Project("{FAE04EC0-301F-11D3-BF4B-00C04F79EFBC}") = "Twitter.Models", "Twitter.Models\Twitter.Models.csproj", "{4F195FDD-96EE-461C-8FA4-2669BB2BD399}"
EndProject
Global
	GlobalSection(SolutionConfigurationPlatforms) = preSolution
		Debug|Any CPU = Debug|Any CPU
		Release|Any CPU = Release|Any CPU
	EndGlobalSection
	GlobalSection(ProjectConfigurationPlatforms) = postSolution
		{D4E09D65-4AF7-4675-97BF-DD91365C25F4}.Debug|Any CPU.ActiveCfg = Debug|Any CPU
		{D4E09D65-4AF7-4675-97BF-DD91365C25F4}.Debug|Any CPU.Build.0 = Debug|Any CPU
		{D4E09D65-4AF7-4675-97BF-DD91365C25F4}.Release|Any CPU.ActiveCfg = Release|Any CPU
		{D4E09D65-4AF7-4675-97BF-DD91365C25F4}.Release|Any CPU.Build.0 = Release|Any CPU
		{CFF46994-909F-411B-B406-C8D01AA57379}.Debug|Any CPU.ActiveCfg = Debug|Any CPU
		{CFF46994-909F-411B-B406-C8D01AA57379}.Debug|Any CPU.Build.0 = Debug|Any CPU
		{CFF46994-909F-411B-B406-C8D01AA57379}.Release|Any CPU.ActiveCfg = Release|Any CPU
		{CFF46994-909F-411B-B406-C8D01AA57379}.Release|Any CPU.Build.0 = Release|Any CPU
		{4F195FDD-96EE-461C-8FA4-2669BB2BD399}.Debug|Any CPU.ActiveCfg = Debug|Any CPU
		{4F195FDD-96EE-461C-8FA4-2669BB2BD399}.Debug|Any CPU.Build.0 = Debug|Any CPU
		{4F195FDD-96EE-461C-8FA4-2669BB2BD399}.Release|Any CPU.ActiveCfg = Release|Any CPU
		{4F195FDD-96EE-461C-8FA4-2669BB2BD399}.Release|Any CPU.Build.0 = Release|Any CPU
	EndGlobalSection
	GlobalSection(SolutionProperties) = preSolution
		HideSolutionNode = FALSE
	EndGlobalSection
	GlobalSection(NestedProjects) = preSolution
		{D4E09D65-4AF7-4675-97BF-DD91365C25F4} = {8BEBB13F-EA05-4D08-ACC3-14096ACBC318}
		{CFF46994-909F-411B-B406-C8D01AA57379} = {C430D4D0-EDE2-4E9B-99CC-8DAEC1A7CFA2}
		{4F195FDD-96EE-461C-8FA4-2669BB2BD399} = {C430D4D0-EDE2-4E9B-99CC-8DAEC1A7CFA2}
	EndGlobalSection
EndGlobal
